
Microsoft Visual Studio Solution File, Format Version 12.00
# Visual Studio Version 17
VisualStudioVersion = 17.4.33213.308
MinimumVisualStudioVersion = 10.0.40219.1
Project("{2150E333-8FDC-42A3-9474-1A3956D46DE8}") = "Platforms", "Platforms", "{5C9238DF-E076-4423-B19C-D9FFF8E0B1F5}"
EndProject
Project("{9A19103F-16F7-4668-BE54-9A1E7A4F7556}") = "LeaderPivot.XAML.UNO.Host", "LeaderPivot.XAML.UNO.Host\LeaderPivot.XAML.UNO.Host\LeaderPivot.XAML.UNO.Host.csproj", "{0F002E5F-5369-4C0A-A547-67F943BE3D6F}"
EndProject
Project("{9A19103F-16F7-4668-BE54-9A1E7A4F7556}") = "LeaderPivot.XAML.UNO.Host.Wasm", "LeaderPivot.XAML.UNO.Host\LeaderPivot.XAML.UNO.Host.Wasm\LeaderPivot.XAML.UNO.Host.Wasm.csproj", "{3F1F28BD-280F-4F79-9981-10DD6A40C17B}"
EndProject
Project("{9A19103F-16F7-4668-BE54-9A1E7A4F7556}") = "LeaderPivot.XAML.UNO.Host.Mobile", "LeaderPivot.XAML.UNO.Host\LeaderPivot.XAML.UNO.Host.Mobile\LeaderPivot.XAML.UNO.Host.Mobile.csproj", "{8BF759D2-A937-42F4-881E-37CD3F385C7D}"
EndProject
Project("{9A19103F-16F7-4668-BE54-9A1E7A4F7556}") = "LeaderPivot.XAML.UNO.Host.Skia.Gtk", "LeaderPivot.XAML.UNO.Host\LeaderPivot.XAML.UNO.Host.Skia.Gtk\LeaderPivot.XAML.UNO.Host.Skia.Gtk.csproj", "{2B4F4339-83EC-4680-BAF5-54E30C840FA9}"
EndProject
Project("{9A19103F-16F7-4668-BE54-9A1E7A4F7556}") = "LeaderPivot.XAML.UNO.Host.Windows", "LeaderPivot.XAML.UNO.Host\LeaderPivot.XAML.UNO.Host.Windows\LeaderPivot.XAML.UNO.Host.Windows.csproj", "{46A02BB2-A888-42DF-83E3-18A67BF8E57D}"
EndProject
Project("{FAE04EC0-301F-11D3-BF4B-00C04F79EFBC}") = "LeaderPivot.XAML.UNO", "LeaderPivot.XAML.UNO\LeaderPivot.XAML.UNO.csproj", "{724E588D-9A70-45CB-A73E-28B2FFFA3AF5}"
EndProject
Global
	GlobalSection(SolutionConfigurationPlatforms) = preSolution
		Debug|Any CPU = Debug|Any CPU
		Debug|arm64 = Debug|arm64
		Debug|x64 = Debug|x64
		Debug|x86 = Debug|x86
		Release|Any CPU = Release|Any CPU
		Release|arm64 = Release|arm64
		Release|x64 = Release|x64
		Release|x86 = Release|x86
	EndGlobalSection
	GlobalSection(ProjectConfigurationPlatforms) = postSolution
		{0F002E5F-5369-4C0A-A547-67F943BE3D6F}.Debug|Any CPU.ActiveCfg = Debug|Any CPU
		{0F002E5F-5369-4C0A-A547-67F943BE3D6F}.Debug|Any CPU.Build.0 = Debug|Any CPU
		{0F002E5F-5369-4C0A-A547-67F943BE3D6F}.Debug|arm64.ActiveCfg = Debug|Any CPU
		{0F002E5F-5369-4C0A-A547-67F943BE3D6F}.Debug|arm64.Build.0 = Debug|Any CPU
		{0F002E5F-5369-4C0A-A547-67F943BE3D6F}.Debug|x64.ActiveCfg = Debug|Any CPU
		{0F002E5F-5369-4C0A-A547-67F943BE3D6F}.Debug|x64.Build.0 = Debug|Any CPU
		{0F002E5F-5369-4C0A-A547-67F943BE3D6F}.Debug|x86.ActiveCfg = Debug|Any CPU
		{0F002E5F-5369-4C0A-A547-67F943BE3D6F}.Debug|x86.Build.0 = Debug|Any CPU
		{0F002E5F-5369-4C0A-A547-67F943BE3D6F}.Release|Any CPU.ActiveCfg = Release|Any CPU
		{0F002E5F-5369-4C0A-A547-67F943BE3D6F}.Release|Any CPU.Build.0 = Release|Any CPU
		{0F002E5F-5369-4C0A-A547-67F943BE3D6F}.Release|arm64.ActiveCfg = Release|Any CPU
		{0F002E5F-5369-4C0A-A547-67F943BE3D6F}.Release|arm64.Build.0 = Release|Any CPU
		{0F002E5F-5369-4C0A-A547-67F943BE3D6F}.Release|x64.ActiveCfg = Release|Any CPU
		{0F002E5F-5369-4C0A-A547-67F943BE3D6F}.Release|x64.Build.0 = Release|Any CPU
		{0F002E5F-5369-4C0A-A547-67F943BE3D6F}.Release|x86.ActiveCfg = Release|Any CPU
		{0F002E5F-5369-4C0A-A547-67F943BE3D6F}.Release|x86.Build.0 = Release|Any CPU
		{3F1F28BD-280F-4F79-9981-10DD6A40C17B}.Debug|Any CPU.ActiveCfg = Debug|Any CPU
		{3F1F28BD-280F-4F79-9981-10DD6A40C17B}.Debug|Any CPU.Build.0 = Debug|Any CPU
		{3F1F28BD-280F-4F79-9981-10DD6A40C17B}.Debug|arm64.ActiveCfg = Debug|Any CPU
		{3F1F28BD-280F-4F79-9981-10DD6A40C17B}.Debug|arm64.Build.0 = Debug|Any CPU
		{3F1F28BD-280F-4F79-9981-10DD6A40C17B}.Debug|x64.ActiveCfg = Debug|Any CPU
		{3F1F28BD-280F-4F79-9981-10DD6A40C17B}.Debug|x64.Build.0 = Debug|Any CPU
		{3F1F28BD-280F-4F79-9981-10DD6A40C17B}.Debug|x86.ActiveCfg = Debug|Any CPU
		{3F1F28BD-280F-4F79-9981-10DD6A40C17B}.Debug|x86.Build.0 = Debug|Any CPU
		{3F1F28BD-280F-4F79-9981-10DD6A40C17B}.Release|Any CPU.ActiveCfg = Release|Any CPU
		{3F1F28BD-280F-4F79-9981-10DD6A40C17B}.Release|Any CPU.Build.0 = Release|Any CPU
		{3F1F28BD-280F-4F79-9981-10DD6A40C17B}.Release|arm64.ActiveCfg = Release|Any CPU
		{3F1F28BD-280F-4F79-9981-10DD6A40C17B}.Release|arm64.Build.0 = Release|Any CPU
		{3F1F28BD-280F-4F79-9981-10DD6A40C17B}.Release|x64.ActiveCfg = Release|Any CPU
		{3F1F28BD-280F-4F79-9981-10DD6A40C17B}.Release|x64.Build.0 = Release|Any CPU
		{3F1F28BD-280F-4F79-9981-10DD6A40C17B}.Release|x86.ActiveCfg = Release|Any CPU
		{3F1F28BD-280F-4F79-9981-10DD6A40C17B}.Release|x86.Build.0 = Release|Any CPU
		{8BF759D2-A937-42F4-881E-37CD3F385C7D}.Debug|Any CPU.ActiveCfg = Debug|Any CPU
		{8BF759D2-A937-42F4-881E-37CD3F385C7D}.Debug|Any CPU.Build.0 = Debug|Any CPU
		{8BF759D2-A937-42F4-881E-37CD3F385C7D}.Debug|Any CPU.Deploy.0 = Debug|Any CPU
		{8BF759D2-A937-42F4-881E-37CD3F385C7D}.Debug|arm64.ActiveCfg = Debug|Any CPU
		{8BF759D2-A937-42F4-881E-37CD3F385C7D}.Debug|arm64.Build.0 = Debug|Any CPU
		{8BF759D2-A937-42F4-881E-37CD3F385C7D}.Debug|arm64.Deploy.0 = Debug|Any CPU
		{8BF759D2-A937-42F4-881E-37CD3F385C7D}.Debug|x64.ActiveCfg = Debug|Any CPU
		{8BF759D2-A937-42F4-881E-37CD3F385C7D}.Debug|x64.Build.0 = Debug|Any CPU
		{8BF759D2-A937-42F4-881E-37CD3F385C7D}.Debug|x64.Deploy.0 = Debug|Any CPU
		{8BF759D2-A937-42F4-881E-37CD3F385C7D}.Debug|x86.ActiveCfg = Debug|Any CPU
		{8BF759D2-A937-42F4-881E-37CD3F385C7D}.Debug|x86.Build.0 = Debug|Any CPU
		{8BF759D2-A937-42F4-881E-37CD3F385C7D}.Debug|x86.Deploy.0 = Debug|Any CPU
		{8BF759D2-A937-42F4-881E-37CD3F385C7D}.Release|Any CPU.ActiveCfg = Release|Any CPU
		{8BF759D2-A937-42F4-881E-37CD3F385C7D}.Release|Any CPU.Build.0 = Release|Any CPU
		{8BF759D2-A937-42F4-881E-37CD3F385C7D}.Release|Any CPU.Deploy.0 = Release|Any CPU
		{8BF759D2-A937-42F4-881E-37CD3F385C7D}.Release|arm64.ActiveCfg = Release|Any CPU
		{8BF759D2-A937-42F4-881E-37CD3F385C7D}.Release|arm64.Build.0 = Release|Any CPU
		{8BF759D2-A937-42F4-881E-37CD3F385C7D}.Release|arm64.Deploy.0 = Release|Any CPU
		{8BF759D2-A937-42F4-881E-37CD3F385C7D}.Release|x64.ActiveCfg = Release|Any CPU
		{8BF759D2-A937-42F4-881E-37CD3F385C7D}.Release|x64.Build.0 = Release|Any CPU
		{8BF759D2-A937-42F4-881E-37CD3F385C7D}.Release|x64.Deploy.0 = Release|Any CPU
		{8BF759D2-A937-42F4-881E-37CD3F385C7D}.Release|x86.ActiveCfg = Release|Any CPU
		{8BF759D2-A937-42F4-881E-37CD3F385C7D}.Release|x86.Build.0 = Release|Any CPU
		{8BF759D2-A937-42F4-881E-37CD3F385C7D}.Release|x86.Deploy.0 = Release|Any CPU
		{2B4F4339-83EC-4680-BAF5-54E30C840FA9}.Debug|Any CPU.ActiveCfg = Debug|Any CPU
		{2B4F4339-83EC-4680-BAF5-54E30C840FA9}.Debug|Any CPU.Build.0 = Debug|Any CPU
		{2B4F4339-83EC-4680-BAF5-54E30C840FA9}.Debug|arm64.ActiveCfg = Debug|Any CPU
		{2B4F4339-83EC-4680-BAF5-54E30C840FA9}.Debug|arm64.Build.0 = Debug|Any CPU
		{2B4F4339-83EC-4680-BAF5-54E30C840FA9}.Debug|x64.ActiveCfg = Debug|Any CPU
		{2B4F4339-83EC-4680-BAF5-54E30C840FA9}.Debug|x64.Build.0 = Debug|Any CPU
		{2B4F4339-83EC-4680-BAF5-54E30C840FA9}.Debug|x86.ActiveCfg = Debug|Any CPU
		{2B4F4339-83EC-4680-BAF5-54E30C840FA9}.Debug|x86.Build.0 = Debug|Any CPU
		{2B4F4339-83EC-4680-BAF5-54E30C840FA9}.Release|Any CPU.ActiveCfg = Release|Any CPU
		{2B4F4339-83EC-4680-BAF5-54E30C840FA9}.Release|Any CPU.Build.0 = Release|Any CPU
		{2B4F4339-83EC-4680-BAF5-54E30C840FA9}.Release|arm64.ActiveCfg = Release|Any CPU
		{2B4F4339-83EC-4680-BAF5-54E30C840FA9}.Release|arm64.Build.0 = Release|Any CPU
		{2B4F4339-83EC-4680-BAF5-54E30C840FA9}.Release|x64.ActiveCfg = Release|Any CPU
		{2B4F4339-83EC-4680-BAF5-54E30C840FA9}.Release|x64.Build.0 = Release|Any CPU
		{2B4F4339-83EC-4680-BAF5-54E30C840FA9}.Release|x86.ActiveCfg = Release|Any CPU
		{2B4F4339-83EC-4680-BAF5-54E30C840FA9}.Release|x86.Build.0 = Release|Any CPU
		{46A02BB2-A888-42DF-83E3-18A67BF8E57D}.Debug|Any CPU.ActiveCfg = Debug|x64
		{46A02BB2-A888-42DF-83E3-18A67BF8E57D}.Debug|Any CPU.Build.0 = Debug|x64
		{46A02BB2-A888-42DF-83E3-18A67BF8E57D}.Debug|Any CPU.Deploy.0 = Debug|x64
		{46A02BB2-A888-42DF-83E3-18A67BF8E57D}.Debug|arm64.ActiveCfg = Debug|arm64
		{46A02BB2-A888-42DF-83E3-18A67BF8E57D}.Debug|arm64.Build.0 = Debug|arm64
		{46A02BB2-A888-42DF-83E3-18A67BF8E57D}.Debug|arm64.Deploy.0 = Debug|arm64
		{46A02BB2-A888-42DF-83E3-18A67BF8E57D}.Debug|x64.ActiveCfg = Debug|x64
		{46A02BB2-A888-42DF-83E3-18A67BF8E57D}.Debug|x64.Build.0 = Debug|x64
		{46A02BB2-A888-42DF-83E3-18A67BF8E57D}.Debug|x64.Deploy.0 = Debug|x64
		{46A02BB2-A888-42DF-83E3-18A67BF8E57D}.Debug|x86.ActiveCfg = Debug|x86
		{46A02BB2-A888-42DF-83E3-18A67BF8E57D}.Debug|x86.Build.0 = Debug|x86
		{46A02BB2-A888-42DF-83E3-18A67BF8E57D}.Debug|x86.Deploy.0 = Debug|x86
		{46A02BB2-A888-42DF-83E3-18A67BF8E57D}.Release|Any CPU.ActiveCfg = Release|x64
		{46A02BB2-A888-42DF-83E3-18A67BF8E57D}.Release|Any CPU.Build.0 = Release|x64
		{46A02BB2-A888-42DF-83E3-18A67BF8E57D}.Release|Any CPU.Deploy.0 = Release|x64
		{46A02BB2-A888-42DF-83E3-18A67BF8E57D}.Release|arm64.ActiveCfg = Release|arm64
		{46A02BB2-A888-42DF-83E3-18A67BF8E57D}.Release|arm64.Build.0 = Release|arm64
		{46A02BB2-A888-42DF-83E3-18A67BF8E57D}.Release|arm64.Deploy.0 = Release|arm64
		{46A02BB2-A888-42DF-83E3-18A67BF8E57D}.Release|x64.ActiveCfg = Release|x64
		{46A02BB2-A888-42DF-83E3-18A67BF8E57D}.Release|x64.Build.0 = Release|x64
		{46A02BB2-A888-42DF-83E3-18A67BF8E57D}.Release|x64.Deploy.0 = Release|x64
		{46A02BB2-A888-42DF-83E3-18A67BF8E57D}.Release|x86.ActiveCfg = Release|x86
		{46A02BB2-A888-42DF-83E3-18A67BF8E57D}.Release|x86.Build.0 = Release|x86
		{46A02BB2-A888-42DF-83E3-18A67BF8E57D}.Release|x86.Deploy.0 = Release|x86
		{724E588D-9A70-45CB-A73E-28B2FFFA3AF5}.Debug|Any CPU.ActiveCfg = Debug|Any CPU
		{724E588D-9A70-45CB-A73E-28B2FFFA3AF5}.Debug|Any CPU.Build.0 = Debug|Any CPU
		{724E588D-9A70-45CB-A73E-28B2FFFA3AF5}.Debug|arm64.ActiveCfg = Debug|Any CPU
		{724E588D-9A70-45CB-A73E-28B2FFFA3AF5}.Debug|arm64.Build.0 = Debug|Any CPU
		{724E588D-9A70-45CB-A73E-28B2FFFA3AF5}.Debug|x64.ActiveCfg = Debug|Any CPU
		{724E588D-9A70-45CB-A73E-28B2FFFA3AF5}.Debug|x64.Build.0 = Debug|Any CPU
		{724E588D-9A70-45CB-A73E-28B2FFFA3AF5}.Debug|x86.ActiveCfg = Debug|Any CPU
		{724E588D-9A70-45CB-A73E-28B2FFFA3AF5}.Debug|x86.Build.0 = Debug|Any CPU
		{724E588D-9A70-45CB-A73E-28B2FFFA3AF5}.Release|Any CPU.ActiveCfg = Release|Any CPU
		{724E588D-9A70-45CB-A73E-28B2FFFA3AF5}.Release|Any CPU.Build.0 = Release|Any CPU
		{724E588D-9A70-45CB-A73E-28B2FFFA3AF5}.Release|arm64.ActiveCfg = Release|Any CPU
		{724E588D-9A70-45CB-A73E-28B2FFFA3AF5}.Release|arm64.Build.0 = Release|Any CPU
		{724E588D-9A70-45CB-A73E-28B2FFFA3AF5}.Release|x64.ActiveCfg = Release|Any CPU
		{724E588D-9A70-45CB-A73E-28B2FFFA3AF5}.Release|x64.Build.0 = Release|Any CPU
		{724E588D-9A70-45CB-A73E-28B2FFFA3AF5}.Release|x86.ActiveCfg = Release|Any CPU
		{724E588D-9A70-45CB-A73E-28B2FFFA3AF5}.Release|x86.Build.0 = Release|Any CPU
	EndGlobalSection
	GlobalSection(SolutionProperties) = preSolution
		HideSolutionNode = FALSE
	EndGlobalSection
	GlobalSection(NestedProjects) = preSolution
		{3F1F28BD-280F-4F79-9981-10DD6A40C17B} = {5C9238DF-E076-4423-B19C-D9FFF8E0B1F5}
		{8BF759D2-A937-42F4-881E-37CD3F385C7D} = {5C9238DF-E076-4423-B19C-D9FFF8E0B1F5}
		{2B4F4339-83EC-4680-BAF5-54E30C840FA9} = {5C9238DF-E076-4423-B19C-D9FFF8E0B1F5}
		{46A02BB2-A888-42DF-83E3-18A67BF8E57D} = {5C9238DF-E076-4423-B19C-D9FFF8E0B1F5}
	EndGlobalSection
	GlobalSection(ExtensibilityGlobals) = postSolution
		SolutionGuid = {17746C8F-AB91-4440-883B-419CE8549EE4}
	EndGlobalSection
EndGlobal
