
Microsoft Visual Studio Solution File, Format Version 12.00
# Visual Studio Version 17
VisualStudioVersion = 17.4.33205.214
MinimumVisualStudioVersion = 10.0.40219.1
Project("{D954291E-2A0B-460D-934E-DC6B0785DB48}") = "LeaderPivot.XAML.Uno.Host.Shared", "LeaderPivot.XAML.Uno.Host\LeaderPivot.XAML.Uno.Host.Shared\LeaderPivot.XAML.Uno.Host.Shared.shproj", "{6279C845-92F8-4333-AB99-3D213163593C}"
EndProject
Project("{2150E333-8FDC-42A3-9474-1A3956D46DE8}") = "Platforms", "Platforms", "{C4375F92-EAF9-4FD5-81C2-D9406B892D62}"
EndProject
Project("{9A19103F-16F7-4668-BE54-9A1E7A4F7556}") = "LeaderPivot.XAML.Uno.Host.Wasm", "LeaderPivot.XAML.Uno.Host\LeaderPivot.XAML.Uno.Host.Wasm\LeaderPivot.XAML.Uno.Host.Wasm.csproj", "{2EE727A8-0A28-4ABC-B8D2-B27DADE90369}"
EndProject
Project("{9A19103F-16F7-4668-BE54-9A1E7A4F7556}") = "LeaderPivot.XAML.Uno.Host.Mobile", "LeaderPivot.XAML.Uno.Host\LeaderPivot.XAML.Uno.Host.Mobile\LeaderPivot.XAML.Uno.Host.Mobile.csproj", "{4BF9C455-5ACD-4C0A-AFD1-413F5ECCBAA7}"
EndProject
Project("{9A19103F-16F7-4668-BE54-9A1E7A4F7556}") = "LeaderPivot.XAML.Uno.Host.Skia.Gtk", "LeaderPivot.XAML.Uno.Host\LeaderPivot.XAML.Uno.Host.Skia.Gtk\LeaderPivot.XAML.Uno.Host.Skia.Gtk.csproj", "{F8F348AE-A283-46C6-9849-1F49EDD103A5}"
EndProject
Project("{9A19103F-16F7-4668-BE54-9A1E7A4F7556}") = "LeaderPivot.XAML.Uno.Host.Windows", "LeaderPivot.XAML.Uno.Host\LeaderPivot.XAML.Uno.Host.Windows\LeaderPivot.XAML.Uno.Host.Windows.csproj", "{2C5422E2-5530-4887-8986-8670FB362ACA}"
EndProject
Project("{FAE04EC0-301F-11D3-BF4B-00C04F79EFBC}") = "LeaderPivot.XAML.Uno", "LeaderPivot.XAML.Uno\LeaderPivot.XAML.Uno.csproj", "{3AF3F8FB-F735-46C4-9EB4-BAB75CA70255}"
EndProject
Global
	GlobalSection(SolutionConfigurationPlatforms) = preSolution
		Debug|Any CPU = Debug|Any CPU
		Debug|arm64 = Debug|arm64
		Debug|x64 = Debug|x64
		Debug|x86 = Debug|x86
		Release|Any CPU = Release|Any CPU
		Release|arm64 = Release|arm64
		Release|x64 = Release|x64
		Release|x86 = Release|x86
	EndGlobalSection
	GlobalSection(ProjectConfigurationPlatforms) = postSolution
		{2EE727A8-0A28-4ABC-B8D2-B27DADE90369}.Debug|Any CPU.ActiveCfg = Debug|Any CPU
		{2EE727A8-0A28-4ABC-B8D2-B27DADE90369}.Debug|Any CPU.Build.0 = Debug|Any CPU
		{2EE727A8-0A28-4ABC-B8D2-B27DADE90369}.Debug|arm64.ActiveCfg = Debug|Any CPU
		{2EE727A8-0A28-4ABC-B8D2-B27DADE90369}.Debug|arm64.Build.0 = Debug|Any CPU
		{2EE727A8-0A28-4ABC-B8D2-B27DADE90369}.Debug|x64.ActiveCfg = Debug|Any CPU
		{2EE727A8-0A28-4ABC-B8D2-B27DADE90369}.Debug|x64.Build.0 = Debug|Any CPU
		{2EE727A8-0A28-4ABC-B8D2-B27DADE90369}.Debug|x86.ActiveCfg = Debug|Any CPU
		{2EE727A8-0A28-4ABC-B8D2-B27DADE90369}.Debug|x86.Build.0 = Debug|Any CPU
		{2EE727A8-0A28-4ABC-B8D2-B27DADE90369}.Release|Any CPU.ActiveCfg = Release|Any CPU
		{2EE727A8-0A28-4ABC-B8D2-B27DADE90369}.Release|Any CPU.Build.0 = Release|Any CPU
		{2EE727A8-0A28-4ABC-B8D2-B27DADE90369}.Release|arm64.ActiveCfg = Release|Any CPU
		{2EE727A8-0A28-4ABC-B8D2-B27DADE90369}.Release|arm64.Build.0 = Release|Any CPU
		{2EE727A8-0A28-4ABC-B8D2-B27DADE90369}.Release|x64.ActiveCfg = Release|Any CPU
		{2EE727A8-0A28-4ABC-B8D2-B27DADE90369}.Release|x64.Build.0 = Release|Any CPU
		{2EE727A8-0A28-4ABC-B8D2-B27DADE90369}.Release|x86.ActiveCfg = Release|Any CPU
		{2EE727A8-0A28-4ABC-B8D2-B27DADE90369}.Release|x86.Build.0 = Release|Any CPU
		{4BF9C455-5ACD-4C0A-AFD1-413F5ECCBAA7}.Debug|Any CPU.ActiveCfg = Debug|Any CPU
		{4BF9C455-5ACD-4C0A-AFD1-413F5ECCBAA7}.Debug|Any CPU.Build.0 = Debug|Any CPU
		{4BF9C455-5ACD-4C0A-AFD1-413F5ECCBAA7}.Debug|Any CPU.Deploy.0 = Debug|Any CPU
		{4BF9C455-5ACD-4C0A-AFD1-413F5ECCBAA7}.Debug|arm64.ActiveCfg = Debug|Any CPU
		{4BF9C455-5ACD-4C0A-AFD1-413F5ECCBAA7}.Debug|arm64.Build.0 = Debug|Any CPU
		{4BF9C455-5ACD-4C0A-AFD1-413F5ECCBAA7}.Debug|arm64.Deploy.0 = Debug|Any CPU
		{4BF9C455-5ACD-4C0A-AFD1-413F5ECCBAA7}.Debug|x64.ActiveCfg = Debug|Any CPU
		{4BF9C455-5ACD-4C0A-AFD1-413F5ECCBAA7}.Debug|x64.Build.0 = Debug|Any CPU
		{4BF9C455-5ACD-4C0A-AFD1-413F5ECCBAA7}.Debug|x64.Deploy.0 = Debug|Any CPU
		{4BF9C455-5ACD-4C0A-AFD1-413F5ECCBAA7}.Debug|x86.ActiveCfg = Debug|Any CPU
		{4BF9C455-5ACD-4C0A-AFD1-413F5ECCBAA7}.Debug|x86.Build.0 = Debug|Any CPU
		{4BF9C455-5ACD-4C0A-AFD1-413F5ECCBAA7}.Debug|x86.Deploy.0 = Debug|Any CPU
		{4BF9C455-5ACD-4C0A-AFD1-413F5ECCBAA7}.Release|Any CPU.ActiveCfg = Release|Any CPU
		{4BF9C455-5ACD-4C0A-AFD1-413F5ECCBAA7}.Release|Any CPU.Build.0 = Release|Any CPU
		{4BF9C455-5ACD-4C0A-AFD1-413F5ECCBAA7}.Release|Any CPU.Deploy.0 = Release|Any CPU
		{4BF9C455-5ACD-4C0A-AFD1-413F5ECCBAA7}.Release|arm64.ActiveCfg = Release|Any CPU
		{4BF9C455-5ACD-4C0A-AFD1-413F5ECCBAA7}.Release|arm64.Build.0 = Release|Any CPU
		{4BF9C455-5ACD-4C0A-AFD1-413F5ECCBAA7}.Release|arm64.Deploy.0 = Release|Any CPU
		{4BF9C455-5ACD-4C0A-AFD1-413F5ECCBAA7}.Release|x64.ActiveCfg = Release|Any CPU
		{4BF9C455-5ACD-4C0A-AFD1-413F5ECCBAA7}.Release|x64.Build.0 = Release|Any CPU
		{4BF9C455-5ACD-4C0A-AFD1-413F5ECCBAA7}.Release|x64.Deploy.0 = Release|Any CPU
		{4BF9C455-5ACD-4C0A-AFD1-413F5ECCBAA7}.Release|x86.ActiveCfg = Release|Any CPU
		{4BF9C455-5ACD-4C0A-AFD1-413F5ECCBAA7}.Release|x86.Build.0 = Release|Any CPU
		{4BF9C455-5ACD-4C0A-AFD1-413F5ECCBAA7}.Release|x86.Deploy.0 = Release|Any CPU
		{F8F348AE-A283-46C6-9849-1F49EDD103A5}.Debug|Any CPU.ActiveCfg = Debug|Any CPU
		{F8F348AE-A283-46C6-9849-1F49EDD103A5}.Debug|Any CPU.Build.0 = Debug|Any CPU
		{F8F348AE-A283-46C6-9849-1F49EDD103A5}.Debug|arm64.ActiveCfg = Debug|Any CPU
		{F8F348AE-A283-46C6-9849-1F49EDD103A5}.Debug|arm64.Build.0 = Debug|Any CPU
		{F8F348AE-A283-46C6-9849-1F49EDD103A5}.Debug|x64.ActiveCfg = Debug|Any CPU
		{F8F348AE-A283-46C6-9849-1F49EDD103A5}.Debug|x64.Build.0 = Debug|Any CPU
		{F8F348AE-A283-46C6-9849-1F49EDD103A5}.Debug|x86.ActiveCfg = Debug|Any CPU
		{F8F348AE-A283-46C6-9849-1F49EDD103A5}.Debug|x86.Build.0 = Debug|Any CPU
		{F8F348AE-A283-46C6-9849-1F49EDD103A5}.Release|Any CPU.ActiveCfg = Release|Any CPU
		{F8F348AE-A283-46C6-9849-1F49EDD103A5}.Release|Any CPU.Build.0 = Release|Any CPU
		{F8F348AE-A283-46C6-9849-1F49EDD103A5}.Release|arm64.ActiveCfg = Release|Any CPU
		{F8F348AE-A283-46C6-9849-1F49EDD103A5}.Release|arm64.Build.0 = Release|Any CPU
		{F8F348AE-A283-46C6-9849-1F49EDD103A5}.Release|x64.ActiveCfg = Release|Any CPU
		{F8F348AE-A283-46C6-9849-1F49EDD103A5}.Release|x64.Build.0 = Release|Any CPU
		{F8F348AE-A283-46C6-9849-1F49EDD103A5}.Release|x86.ActiveCfg = Release|Any CPU
		{F8F348AE-A283-46C6-9849-1F49EDD103A5}.Release|x86.Build.0 = Release|Any CPU
		{2C5422E2-5530-4887-8986-8670FB362ACA}.Debug|Any CPU.ActiveCfg = Debug|x64
		{2C5422E2-5530-4887-8986-8670FB362ACA}.Debug|Any CPU.Build.0 = Debug|x64
		{2C5422E2-5530-4887-8986-8670FB362ACA}.Debug|Any CPU.Deploy.0 = Debug|x64
		{2C5422E2-5530-4887-8986-8670FB362ACA}.Debug|arm64.ActiveCfg = Debug|arm64
		{2C5422E2-5530-4887-8986-8670FB362ACA}.Debug|arm64.Build.0 = Debug|arm64
		{2C5422E2-5530-4887-8986-8670FB362ACA}.Debug|arm64.Deploy.0 = Debug|arm64
		{2C5422E2-5530-4887-8986-8670FB362ACA}.Debug|x64.ActiveCfg = Debug|x64
		{2C5422E2-5530-4887-8986-8670FB362ACA}.Debug|x64.Build.0 = Debug|x64
		{2C5422E2-5530-4887-8986-8670FB362ACA}.Debug|x64.Deploy.0 = Debug|x64
		{2C5422E2-5530-4887-8986-8670FB362ACA}.Debug|x86.ActiveCfg = Debug|x86
		{2C5422E2-5530-4887-8986-8670FB362ACA}.Debug|x86.Build.0 = Debug|x86
		{2C5422E2-5530-4887-8986-8670FB362ACA}.Debug|x86.Deploy.0 = Debug|x86
		{2C5422E2-5530-4887-8986-8670FB362ACA}.Release|Any CPU.ActiveCfg = Release|x64
		{2C5422E2-5530-4887-8986-8670FB362ACA}.Release|Any CPU.Build.0 = Release|x64
		{2C5422E2-5530-4887-8986-8670FB362ACA}.Release|Any CPU.Deploy.0 = Release|x64
		{2C5422E2-5530-4887-8986-8670FB362ACA}.Release|arm64.ActiveCfg = Release|arm64
		{2C5422E2-5530-4887-8986-8670FB362ACA}.Release|arm64.Build.0 = Release|arm64
		{2C5422E2-5530-4887-8986-8670FB362ACA}.Release|arm64.Deploy.0 = Release|arm64
		{2C5422E2-5530-4887-8986-8670FB362ACA}.Release|x64.ActiveCfg = Release|x64
		{2C5422E2-5530-4887-8986-8670FB362ACA}.Release|x64.Build.0 = Release|x64
		{2C5422E2-5530-4887-8986-8670FB362ACA}.Release|x64.Deploy.0 = Release|x64
		{2C5422E2-5530-4887-8986-8670FB362ACA}.Release|x86.ActiveCfg = Release|x86
		{2C5422E2-5530-4887-8986-8670FB362ACA}.Release|x86.Build.0 = Release|x86
		{2C5422E2-5530-4887-8986-8670FB362ACA}.Release|x86.Deploy.0 = Release|x86
		{3AF3F8FB-F735-46C4-9EB4-BAB75CA70255}.Debug|Any CPU.ActiveCfg = Debug|Any CPU
		{3AF3F8FB-F735-46C4-9EB4-BAB75CA70255}.Debug|Any CPU.Build.0 = Debug|Any CPU
		{3AF3F8FB-F735-46C4-9EB4-BAB75CA70255}.Debug|arm64.ActiveCfg = Debug|Any CPU
		{3AF3F8FB-F735-46C4-9EB4-BAB75CA70255}.Debug|arm64.Build.0 = Debug|Any CPU
		{3AF3F8FB-F735-46C4-9EB4-BAB75CA70255}.Debug|x64.ActiveCfg = Debug|Any CPU
		{3AF3F8FB-F735-46C4-9EB4-BAB75CA70255}.Debug|x64.Build.0 = Debug|Any CPU
		{3AF3F8FB-F735-46C4-9EB4-BAB75CA70255}.Debug|x86.ActiveCfg = Debug|Any CPU
		{3AF3F8FB-F735-46C4-9EB4-BAB75CA70255}.Debug|x86.Build.0 = Debug|Any CPU
		{3AF3F8FB-F735-46C4-9EB4-BAB75CA70255}.Release|Any CPU.ActiveCfg = Release|Any CPU
		{3AF3F8FB-F735-46C4-9EB4-BAB75CA70255}.Release|Any CPU.Build.0 = Release|Any CPU
		{3AF3F8FB-F735-46C4-9EB4-BAB75CA70255}.Release|arm64.ActiveCfg = Release|Any CPU
		{3AF3F8FB-F735-46C4-9EB4-BAB75CA70255}.Release|arm64.Build.0 = Release|Any CPU
		{3AF3F8FB-F735-46C4-9EB4-BAB75CA70255}.Release|x64.ActiveCfg = Release|Any CPU
		{3AF3F8FB-F735-46C4-9EB4-BAB75CA70255}.Release|x64.Build.0 = Release|Any CPU
		{3AF3F8FB-F735-46C4-9EB4-BAB75CA70255}.Release|x86.ActiveCfg = Release|Any CPU
		{3AF3F8FB-F735-46C4-9EB4-BAB75CA70255}.Release|x86.Build.0 = Release|Any CPU
	EndGlobalSection
	GlobalSection(SolutionProperties) = preSolution
		HideSolutionNode = FALSE
	EndGlobalSection
	GlobalSection(NestedProjects) = preSolution
		{2EE727A8-0A28-4ABC-B8D2-B27DADE90369} = {C4375F92-EAF9-4FD5-81C2-D9406B892D62}
		{4BF9C455-5ACD-4C0A-AFD1-413F5ECCBAA7} = {C4375F92-EAF9-4FD5-81C2-D9406B892D62}
		{F8F348AE-A283-46C6-9849-1F49EDD103A5} = {C4375F92-EAF9-4FD5-81C2-D9406B892D62}
		{2C5422E2-5530-4887-8986-8670FB362ACA} = {C4375F92-EAF9-4FD5-81C2-D9406B892D62}
	EndGlobalSection
	GlobalSection(ExtensibilityGlobals) = postSolution
		SolutionGuid = {37AA1165-5B22-4D04-89DD-24BB367AD57C}
	EndGlobalSection
	GlobalSection(SharedMSBuildProjectFiles) = preSolution
		LeaderPivot.XAML.Uno.Host\LeaderPivot.XAML.Uno.Host.Shared\LeaderPivot.XAML.Uno.Host.Shared.projitems*{2c5422e2-5530-4887-8986-8670fb362aca}*SharedItemsImports = 5
		LeaderPivot.XAML.Uno.Host\LeaderPivot.XAML.Uno.Host.Shared\LeaderPivot.XAML.Uno.Host.Shared.projitems*{2ee727a8-0a28-4abc-b8d2-b27dade90369}*SharedItemsImports = 5
		LeaderPivot.XAML.Uno.Host\LeaderPivot.XAML.Uno.Host.Shared\LeaderPivot.XAML.Uno.Host.Shared.projitems*{4bf9c455-5acd-4c0a-afd1-413f5eccbaa7}*SharedItemsImports = 5
		LeaderPivot.XAML.Uno.Host\LeaderPivot.XAML.Uno.Host.Shared\LeaderPivot.XAML.Uno.Host.Shared.projitems*{6279c845-92f8-4333-ab99-3d213163593c}*SharedItemsImports = 13
		LeaderPivot.XAML.Uno.Host\LeaderPivot.XAML.Uno.Host.Shared\LeaderPivot.XAML.Uno.Host.Shared.projitems*{f8f348ae-a283-46c6-9849-1f49edd103a5}*SharedItemsImports = 5
	EndGlobalSection
EndGlobal
